// !$*UTF8*$!
{
	archiveVersion = 1;
	classes = {
	};
	objectVersion = 55;
	objects = {

/* Begin PBXBuildFile section */
		62F843A42897B5E000DBD857 /* AppDelegate.swift in Sources */ = {isa = PBXBuildFile; fileRef = 62F843A32897B5E000DBD857 /* AppDelegate.swift */; };
		62F843A62897B5E000DBD857 /* SceneDelegate.swift in Sources */ = {isa = PBXBuildFile; fileRef = 62F843A52897B5E000DBD857 /* SceneDelegate.swift */; };
		62F843A82897B5E000DBD857 /* ReminderListViewController.swift in Sources */ = {isa = PBXBuildFile; fileRef = 62F843A72897B5E000DBD857 /* ReminderListViewController.swift */; };
		62F843AB2897B5E000DBD857 /* Main.storyboard in Resources */ = {isa = PBXBuildFile; fileRef = 62F843A92897B5E000DBD857 /* Main.storyboard */; };
		62F843AD2897B5E100DBD857 /* Assets.xcassets in Resources */ = {isa = PBXBuildFile; fileRef = 62F843AC2897B5E100DBD857 /* Assets.xcassets */; };
		62F843B02897B5E100DBD857 /* LaunchScreen.storyboard in Resources */ = {isa = PBXBuildFile; fileRef = 62F843AE2897B5E100DBD857 /* LaunchScreen.storyboard */; };
		62F843B92897B84100DBD857 /* Reminder.swift in Sources */ = {isa = PBXBuildFile; fileRef = 62F843B82897B84100DBD857 /* Reminder.swift */; };
		62F843BB2898176500DBD857 /* Date+Today.swift in Sources */ = {isa = PBXBuildFile; fileRef = 62F843BA2898176500DBD857 /* Date+Today.swift */; };
		62F843BE28981AF100DBD857 /* ReminderListViewController+DataSource.swift in Sources */ = {isa = PBXBuildFile; fileRef = 62F843BD28981AF100DBD857 /* ReminderListViewController+DataSource.swift */; };
		62F843C02898B2A400DBD857 /* ReminderDoneButton.swift in Sources */ = {isa = PBXBuildFile; fileRef = 62F843BF2898B2A400DBD857 /* ReminderDoneButton.swift */; };
		62F843C22898B32800DBD857 /* ReminderListViewController+Actions.swift in Sources */ = {isa = PBXBuildFile; fileRef = 62F843C12898B32800DBD857 /* ReminderListViewController+Actions.swift */; };
		62F843C42898E7E200DBD857 /* ReminderViewController.swift in Sources */ = {isa = PBXBuildFile; fileRef = 62F843C32898E7E200DBD857 /* ReminderViewController.swift */; };
		62F843C72898ECF800DBD857 /* ReminderViewController.Row.swift in Sources */ = {isa = PBXBuildFile; fileRef = 62F843C62898ECF800DBD857 /* ReminderViewController.Row.swift */; };
		62F843C92899AF8800DBD857 /* ReminderViewController+Section.swift in Sources */ = {isa = PBXBuildFile; fileRef = 62F843C82899AF8800DBD857 /* ReminderViewController+Section.swift */; };
		62F843CB289A2D3D00DBD857 /* ReminderViewController+CellConfiguration.swift in Sources */ = {isa = PBXBuildFile; fileRef = 62F843CA289A2D3D00DBD857 /* ReminderViewController+CellConfiguration.swift */; };
		62F843CE289A346F00DBD857 /* UIView+PinnedSubview.swift in Sources */ = {isa = PBXBuildFile; fileRef = 62F843CD289A346F00DBD857 /* UIView+PinnedSubview.swift */; };
		62F843D0289A39D500DBD857 /* TextFieldContentView.swift in Sources */ = {isa = PBXBuildFile; fileRef = 62F843CF289A39D500DBD857 /* TextFieldContentView.swift */; };
		62F843D2289A413C00DBD857 /* UIContentConfiguration.Stateless.swift in Sources */ = {isa = PBXBuildFile; fileRef = 62F843D1289A413C00DBD857 /* UIContentConfiguration.Stateless.swift */; };
		62F843D4289A627C00DBD857 /* TextViewContentView.swift in Sources */ = {isa = PBXBuildFile; fileRef = 62F843D3289A627C00DBD857 /* TextViewContentView.swift */; };
		62F843D6289A650A00DBD857 /* DatePickerContentView.swift in Sources */ = {isa = PBXBuildFile; fileRef = 62F843D5289A650A00DBD857 /* DatePickerContentView.swift */; };
		62F843F8289B9E6500DBD857 /* ReminderListStyle.swift in Sources */ = {isa = PBXBuildFile; fileRef = 62F843F7289B9E6500DBD857 /* ReminderListStyle.swift */; };
/* End PBXBuildFile section */

/* Begin PBXFileReference section */
		62F843A02897B5E000DBD857 /* TodayApp.app */ = {isa = PBXFileReference; explicitFileType = wrapper.application; includeInIndex = 0; path = TodayApp.app; sourceTree = BUILT_PRODUCTS_DIR; };
		62F843A32897B5E000DBD857 /* AppDelegate.swift */ = {isa = PBXFileReference; lastKnownFileType = sourcecode.swift; path = AppDelegate.swift; sourceTree = "<group>"; };
		62F843A52897B5E000DBD857 /* SceneDelegate.swift */ = {isa = PBXFileReference; lastKnownFileType = sourcecode.swift; path = SceneDelegate.swift; sourceTree = "<group>"; };
		62F843A72897B5E000DBD857 /* ReminderListViewController.swift */ = {isa = PBXFileReference; lastKnownFileType = sourcecode.swift; path = ReminderListViewController.swift; sourceTree = "<group>"; };
		62F843AA2897B5E000DBD857 /* Base */ = {isa = PBXFileReference; lastKnownFileType = file.storyboard; name = Base; path = Base.lproj/Main.storyboard; sourceTree = "<group>"; };
		62F843AC2897B5E100DBD857 /* Assets.xcassets */ = {isa = PBXFileReference; lastKnownFileType = folder.assetcatalog; path = Assets.xcassets; sourceTree = "<group>"; };
		62F843AF2897B5E100DBD857 /* Base */ = {isa = PBXFileReference; lastKnownFileType = file.storyboard; name = Base; path = Base.lproj/LaunchScreen.storyboard; sourceTree = "<group>"; };
		62F843B12897B5E100DBD857 /* Info.plist */ = {isa = PBXFileReference; lastKnownFileType = text.plist.xml; path = Info.plist; sourceTree = "<group>"; };
		62F843B82897B84100DBD857 /* Reminder.swift */ = {isa = PBXFileReference; lastKnownFileType = sourcecode.swift; path = Reminder.swift; sourceTree = "<group>"; };
		62F843BA2898176500DBD857 /* Date+Today.swift */ = {isa = PBXFileReference; lastKnownFileType = sourcecode.swift; path = "Date+Today.swift"; sourceTree = "<group>"; };
		62F843BD28981AF100DBD857 /* ReminderListViewController+DataSource.swift */ = {isa = PBXFileReference; lastKnownFileType = sourcecode.swift; path = "ReminderListViewController+DataSource.swift"; sourceTree = "<group>"; };
		62F843BF2898B2A400DBD857 /* ReminderDoneButton.swift */ = {isa = PBXFileReference; lastKnownFileType = sourcecode.swift; path = ReminderDoneButton.swift; sourceTree = "<group>"; };
		62F843C12898B32800DBD857 /* ReminderListViewController+Actions.swift */ = {isa = PBXFileReference; lastKnownFileType = sourcecode.swift; path = "ReminderListViewController+Actions.swift"; sourceTree = "<group>"; };
		62F843C32898E7E200DBD857 /* ReminderViewController.swift */ = {isa = PBXFileReference; lastKnownFileType = sourcecode.swift; path = ReminderViewController.swift; sourceTree = "<group>"; };
		62F843C62898ECF800DBD857 /* ReminderViewController.Row.swift */ = {isa = PBXFileReference; lastKnownFileType = sourcecode.swift; path = ReminderViewController.Row.swift; sourceTree = "<group>"; };
		62F843C82899AF8800DBD857 /* ReminderViewController+Section.swift */ = {isa = PBXFileReference; lastKnownFileType = sourcecode.swift; path = "ReminderViewController+Section.swift"; sourceTree = "<group>"; };
		62F843CA289A2D3D00DBD857 /* ReminderViewController+CellConfiguration.swift */ = {isa = PBXFileReference; lastKnownFileType = sourcecode.swift; path = "ReminderViewController+CellConfiguration.swift"; sourceTree = "<group>"; };
		62F843CD289A346F00DBD857 /* UIView+PinnedSubview.swift */ = {isa = PBXFileReference; lastKnownFileType = sourcecode.swift; path = "UIView+PinnedSubview.swift"; sourceTree = "<group>"; };
		62F843CF289A39D500DBD857 /* TextFieldContentView.swift */ = {isa = PBXFileReference; lastKnownFileType = sourcecode.swift; path = TextFieldContentView.swift; sourceTree = "<group>"; };
		62F843D1289A413C00DBD857 /* UIContentConfiguration.Stateless.swift */ = {isa = PBXFileReference; lastKnownFileType = sourcecode.swift; path = UIContentConfiguration.Stateless.swift; sourceTree = "<group>"; };
		62F843D3289A627C00DBD857 /* TextViewContentView.swift */ = {isa = PBXFileReference; lastKnownFileType = sourcecode.swift; path = TextViewContentView.swift; sourceTree = "<group>"; };
		62F843D5289A650A00DBD857 /* DatePickerContentView.swift */ = {isa = PBXFileReference; lastKnownFileType = sourcecode.swift; path = DatePickerContentView.swift; sourceTree = "<group>"; };
		62F843F7289B9E6500DBD857 /* ReminderListStyle.swift */ = {isa = PBXFileReference; lastKnownFileType = sourcecode.swift; path = ReminderListStyle.swift; sourceTree = "<group>"; };
/* End PBXFileReference section */

/* Begin PBXFrameworksBuildPhase section */
		62F8439D2897B5E000DBD857 /* Frameworks */ = {
			isa = PBXFrameworksBuildPhase;
			buildActionMask = 2147483647;
			files = (
			);
			runOnlyForDeploymentPostprocessing = 0;
		};
/* End PBXFrameworksBuildPhase section */

/* Begin PBXGroup section */
		62F843972897B5E000DBD857 = {
			isa = PBXGroup;
			children = (
				62F843A22897B5E000DBD857 /* TodayApp */,
				62F843A12897B5E000DBD857 /* Products */,
			);
			sourceTree = "<group>";
		};
		62F843A12897B5E000DBD857 /* Products */ = {
			isa = PBXGroup;
			children = (
				62F843A02897B5E000DBD857 /* TodayApp.app */,
			);
			name = Products;
			sourceTree = "<group>";
		};
		62F843A22897B5E000DBD857 /* TodayApp */ = {
			isa = PBXGroup;
			children = (
				62F843CC289A345400DBD857 /* ContentViews */,
				62F843B72897B82800DBD857 /* Models */,
				62F843A32897B5E000DBD857 /* AppDelegate.swift */,
				62F843A52897B5E000DBD857 /* SceneDelegate.swift */,
				62F843C52898ECAB00DBD857 /* DetailViewController */,
				62F843BC28981AC300DBD857 /* ListViewController */,
				62F843A92897B5E000DBD857 /* Main.storyboard */,
				62F843AC2897B5E100DBD857 /* Assets.xcassets */,
				62F843AE2897B5E100DBD857 /* LaunchScreen.storyboard */,
				62F843B12897B5E100DBD857 /* Info.plist */,
			);
			path = TodayApp;
			sourceTree = "<group>";
		};
		62F843B72897B82800DBD857 /* Models */ = {
			isa = PBXGroup;
			children = (
				62F843B82897B84100DBD857 /* Reminder.swift */,
				62F843BA2898176500DBD857 /* Date+Today.swift */,
				62F843F7289B9E6500DBD857 /* ReminderListStyle.swift */,
			);
			path = Models;
			sourceTree = "<group>";
		};
		62F843BC28981AC300DBD857 /* ListViewController */ = {
			isa = PBXGroup;
			children = (
				62F843A72897B5E000DBD857 /* ReminderListViewController.swift */,
				62F843BD28981AF100DBD857 /* ReminderListViewController+DataSource.swift */,
				62F843BF2898B2A400DBD857 /* ReminderDoneButton.swift */,
				62F843C12898B32800DBD857 /* ReminderListViewController+Actions.swift */,
			);
			path = ListViewController;
			sourceTree = "<group>";
		};
		62F843C52898ECAB00DBD857 /* DetailViewController */ = {
			isa = PBXGroup;
			children = (
				62F843C32898E7E200DBD857 /* ReminderViewController.swift */,
				62F843C62898ECF800DBD857 /* ReminderViewController.Row.swift */,
				62F843C82899AF8800DBD857 /* ReminderViewController+Section.swift */,
				62F843CA289A2D3D00DBD857 /* ReminderViewController+CellConfiguration.swift */,
			);
			path = DetailViewController;
			sourceTree = "<group>";
		};
		62F843CC289A345400DBD857 /* ContentViews */ = {
			isa = PBXGroup;
			children = (
				62F843CD289A346F00DBD857 /* UIView+PinnedSubview.swift */,
				62F843CF289A39D500DBD857 /* TextFieldContentView.swift */,
				62F843D1289A413C00DBD857 /* UIContentConfiguration.Stateless.swift */,
				62F843D3289A627C00DBD857 /* TextViewContentView.swift */,
				62F843D5289A650A00DBD857 /* DatePickerContentView.swift */,
			);
			path = ContentViews;
			sourceTree = "<group>";
		};
/* End PBXGroup section */

/* Begin PBXNativeTarget section */
		62F8439F2897B5E000DBD857 /* TodayApp */ = {
			isa = PBXNativeTarget;
			buildConfigurationList = 62F843B42897B5E100DBD857 /* Build configuration list for PBXNativeTarget "TodayApp" */;
			buildPhases = (
				62F8439C2897B5E000DBD857 /* Sources */,
				62F8439D2897B5E000DBD857 /* Frameworks */,
				62F8439E2897B5E000DBD857 /* Resources */,
			);
			buildRules = (
			);
			dependencies = (
			);
			name = TodayApp;
			productName = TodayApp;
			productReference = 62F843A02897B5E000DBD857 /* TodayApp.app */;
			productType = "com.apple.product-type.application";
		};
/* End PBXNativeTarget section */

/* Begin PBXProject section */
		62F843982897B5E000DBD857 /* Project object */ = {
			isa = PBXProject;
			attributes = {
				BuildIndependentTargetsInParallel = 1;
				LastSwiftUpdateCheck = 1340;
				LastUpgradeCheck = 1340;
				TargetAttributes = {
					62F8439F2897B5E000DBD857 = {
						CreatedOnToolsVersion = 13.4.1;
					};
				};
			};
			buildConfigurationList = 62F8439B2897B5E000DBD857 /* Build configuration list for PBXProject "TodayApp" */;
			compatibilityVersion = "Xcode 13.0";
			developmentRegion = en;
			hasScannedForEncodings = 0;
			knownRegions = (
				en,
				Base,
			);
			mainGroup = 62F843972897B5E000DBD857;
			productRefGroup = 62F843A12897B5E000DBD857 /* Products */;
			projectDirPath = "";
			projectRoot = "";
			targets = (
				62F8439F2897B5E000DBD857 /* TodayApp */,
			);
		};
/* End PBXProject section */

/* Begin PBXResourcesBuildPhase section */
		62F8439E2897B5E000DBD857 /* Resources */ = {
			isa = PBXResourcesBuildPhase;
			buildActionMask = 2147483647;
			files = (
				62F843B02897B5E100DBD857 /* LaunchScreen.storyboard in Resources */,
				62F843AD2897B5E100DBD857 /* Assets.xcassets in Resources */,
				62F843AB2897B5E000DBD857 /* Main.storyboard in Resources */,
			);
			runOnlyForDeploymentPostprocessing = 0;
		};
/* End PBXResourcesBuildPhase section */

/* Begin PBXSourcesBuildPhase section */
		62F8439C2897B5E000DBD857 /* Sources */ = {
			isa = PBXSourcesBuildPhase;
			buildActionMask = 2147483647;
			files = (
				62F843A82897B5E000DBD857 /* ReminderListViewController.swift in Sources */,
				62F843D6289A650A00DBD857 /* DatePickerContentView.swift in Sources */,
				62F843BB2898176500DBD857 /* Date+Today.swift in Sources */,
				62F843C22898B32800DBD857 /* ReminderListViewController+Actions.swift in Sources */,
				62F843A42897B5E000DBD857 /* AppDelegate.swift in Sources */,
				62F843C92899AF8800DBD857 /* ReminderViewController+Section.swift in Sources */,
				62F843CB289A2D3D00DBD857 /* ReminderViewController+CellConfiguration.swift in Sources */,
				62F843A62897B5E000DBD857 /* SceneDelegate.swift in Sources */,
				62F843C42898E7E200DBD857 /* ReminderViewController.swift in Sources */,
				62F843F8289B9E6500DBD857 /* ReminderListStyle.swift in Sources */,
				62F843CE289A346F00DBD857 /* UIView+PinnedSubview.swift in Sources */,
				62F843C72898ECF800DBD857 /* ReminderViewController.Row.swift in Sources */,
				62F843D4289A627C00DBD857 /* TextViewContentView.swift in Sources */,
				62F843B92897B84100DBD857 /* Reminder.swift in Sources */,
				62F843D2289A413C00DBD857 /* UIContentConfiguration.Stateless.swift in Sources */,
				62F843C02898B2A400DBD857 /* ReminderDoneButton.swift in Sources */,
				62F843D0289A39D500DBD857 /* TextFieldContentView.swift in Sources */,
				62F843BE28981AF100DBD857 /* ReminderListViewController+DataSource.swift in Sources */,
			);
			runOnlyForDeploymentPostprocessing = 0;
		};
/* End PBXSourcesBuildPhase section */

/* Begin PBXVariantGroup section */
		62F843A92897B5E000DBD857 /* Main.storyboard */ = {
			isa = PBXVariantGroup;
			children = (
				62F843AA2897B5E000DBD857 /* Base */,
			);
			name = Main.storyboard;
			sourceTree = "<group>";
		};
		62F843AE2897B5E100DBD857 /* LaunchScreen.storyboard */ = {
			isa = PBXVariantGroup;
			children = (
				62F843AF2897B5E100DBD857 /* Base */,
			);
			name = LaunchScreen.storyboard;
			sourceTree = "<group>";
		};
/* End PBXVariantGroup section */

/* Begin XCBuildConfiguration section */
		62F843B22897B5E100DBD857 /* Debug */ = {
			isa = XCBuildConfiguration;
			buildSettings = {
				ALWAYS_SEARCH_USER_PATHS = NO;
				CLANG_ANALYZER_NONNULL = YES;
				CLANG_ANALYZER_NUMBER_OBJECT_CONVERSION = YES_AGGRESSIVE;
				CLANG_CXX_LANGUAGE_STANDARD = "gnu++17";
				CLANG_ENABLE_MODULES = YES;
				CLANG_ENABLE_OBJC_ARC = YES;
				CLANG_ENABLE_OBJC_WEAK = YES;
				CLANG_WARN_BLOCK_CAPTURE_AUTORELEASING = YES;
				CLANG_WARN_BOOL_CONVERSION = YES;
				CLANG_WARN_COMMA = YES;
				CLANG_WARN_CONSTANT_CONVERSION = YES;
				CLANG_WARN_DEPRECATED_OBJC_IMPLEMENTATIONS = YES;
				CLANG_WARN_DIRECT_OBJC_ISA_USAGE = YES_ERROR;
				CLANG_WARN_DOCUMENTATION_COMMENTS = YES;
				CLANG_WARN_EMPTY_BODY = YES;
				CLANG_WARN_ENUM_CONVERSION = YES;
				CLANG_WARN_INFINITE_RECURSION = YES;
				CLANG_WARN_INT_CONVERSION = YES;
				CLANG_WARN_NON_LITERAL_NULL_CONVERSION = YES;
				CLANG_WARN_OBJC_IMPLICIT_RETAIN_SELF = YES;
				CLANG_WARN_OBJC_LITERAL_CONVERSION = YES;
				CLANG_WARN_OBJC_ROOT_CLASS = YES_ERROR;
				CLANG_WARN_QUOTED_INCLUDE_IN_FRAMEWORK_HEADER = YES;
				CLANG_WARN_RANGE_LOOP_ANALYSIS = YES;
				CLANG_WARN_STRICT_PROTOTYPES = YES;
				CLANG_WARN_SUSPICIOUS_MOVE = YES;
				CLANG_WARN_UNGUARDED_AVAILABILITY = YES_AGGRESSIVE;
				CLANG_WARN_UNREACHABLE_CODE = YES;
				CLANG_WARN__DUPLICATE_METHOD_MATCH = YES;
				COPY_PHASE_STRIP = NO;
				DEBUG_INFORMATION_FORMAT = dwarf;
				ENABLE_STRICT_OBJC_MSGSEND = YES;
				ENABLE_TESTABILITY = YES;
				GCC_C_LANGUAGE_STANDARD = gnu11;
				GCC_DYNAMIC_NO_PIC = NO;
				GCC_NO_COMMON_BLOCKS = YES;
				GCC_OPTIMIZATION_LEVEL = 0;
				GCC_PREPROCESSOR_DEFINITIONS = (
					"DEBUG=1",
					"$(inherited)",
				);
				GCC_WARN_64_TO_32_BIT_CONVERSION = YES;
				GCC_WARN_ABOUT_RETURN_TYPE = YES_ERROR;
				GCC_WARN_UNDECLARED_SELECTOR = YES;
				GCC_WARN_UNINITIALIZED_AUTOS = YES_AGGRESSIVE;
				GCC_WARN_UNUSED_FUNCTION = YES;
				GCC_WARN_UNUSED_VARIABLE = YES;
				IPHONEOS_DEPLOYMENT_TARGET = 15.5;
				MTL_ENABLE_DEBUG_INFO = INCLUDE_SOURCE;
				MTL_FAST_MATH = YES;
				ONLY_ACTIVE_ARCH = YES;
				SDKROOT = iphoneos;
				SWIFT_ACTIVE_COMPILATION_CONDITIONS = DEBUG;
				SWIFT_OPTIMIZATION_LEVEL = "-Onone";
			};
			name = Debug;
		};
		62F843B32897B5E100DBD857 /* Release */ = {
			isa = XCBuildConfiguration;
			buildSettings = {
				ALWAYS_SEARCH_USER_PATHS = NO;
				CLANG_ANALYZER_NONNULL = YES;
				CLANG_ANALYZER_NUMBER_OBJECT_CONVERSION = YES_AGGRESSIVE;
				CLANG_CXX_LANGUAGE_STANDARD = "gnu++17";
				CLANG_ENABLE_MODULES = YES;
				CLANG_ENABLE_OBJC_ARC = YES;
				CLANG_ENABLE_OBJC_WEAK = YES;
				CLANG_WARN_BLOCK_CAPTURE_AUTORELEASING = YES;
				CLANG_WARN_BOOL_CONVERSION = YES;
				CLANG_WARN_COMMA = YES;
				CLANG_WARN_CONSTANT_CONVERSION = YES;
				CLANG_WARN_DEPRECATED_OBJC_IMPLEMENTATIONS = YES;
				CLANG_WARN_DIRECT_OBJC_ISA_USAGE = YES_ERROR;
				CLANG_WARN_DOCUMENTATION_COMMENTS = YES;
				CLANG_WARN_EMPTY_BODY = YES;
				CLANG_WARN_ENUM_CONVERSION = YES;
				CLANG_WARN_INFINITE_RECURSION = YES;
				CLANG_WARN_INT_CONVERSION = YES;
				CLANG_WARN_NON_LITERAL_NULL_CONVERSION = YES;
				CLANG_WARN_OBJC_IMPLICIT_RETAIN_SELF = YES;
				CLANG_WARN_OBJC_LITERAL_CONVERSION = YES;
				CLANG_WARN_OBJC_ROOT_CLASS = YES_ERROR;
				CLANG_WARN_QUOTED_INCLUDE_IN_FRAMEWORK_HEADER = YES;
				CLANG_WARN_RANGE_LOOP_ANALYSIS = YES;
				CLANG_WARN_STRICT_PROTOTYPES = YES;
				CLANG_WARN_SUSPICIOUS_MOVE = YES;
				CLANG_WARN_UNGUARDED_AVAILABILITY = YES_AGGRESSIVE;
				CLANG_WARN_UNREACHABLE_CODE = YES;
				CLANG_WARN__DUPLICATE_METHOD_MATCH = YES;
				COPY_PHASE_STRIP = NO;
				DEBUG_INFORMATION_FORMAT = "dwarf-with-dsym";
				ENABLE_NS_ASSERTIONS = NO;
				ENABLE_STRICT_OBJC_MSGSEND = YES;
				GCC_C_LANGUAGE_STANDARD = gnu11;
				GCC_NO_COMMON_BLOCKS = YES;
				GCC_WARN_64_TO_32_BIT_CONVERSION = YES;
				GCC_WARN_ABOUT_RETURN_TYPE = YES_ERROR;
				GCC_WARN_UNDECLARED_SELECTOR = YES;
				GCC_WARN_UNINITIALIZED_AUTOS = YES_AGGRESSIVE;
				GCC_WARN_UNUSED_FUNCTION = YES;
				GCC_WARN_UNUSED_VARIABLE = YES;
				IPHONEOS_DEPLOYMENT_TARGET = 15.5;
				MTL_ENABLE_DEBUG_INFO = NO;
				MTL_FAST_MATH = YES;
				SDKROOT = iphoneos;
				SWIFT_COMPILATION_MODE = wholemodule;
				SWIFT_OPTIMIZATION_LEVEL = "-O";
				VALIDATE_PRODUCT = YES;
			};
			name = Release;
		};
		62F843B52897B5E100DBD857 /* Debug */ = {
			isa = XCBuildConfiguration;
			buildSettings = {
				ASSETCATALOG_COMPILER_APPICON_NAME = AppIcon;
				ASSETCATALOG_COMPILER_GLOBAL_ACCENT_COLOR_NAME = AccentColor;
				CODE_SIGN_STYLE = Automatic;
				CURRENT_PROJECT_VERSION = 1;
				DEVELOPMENT_TEAM = ANQMFHY9YH;
				GENERATE_INFOPLIST_FILE = YES;
				INFOPLIST_FILE = TodayApp/Info.plist;
				INFOPLIST_KEY_UIApplicationSupportsIndirectInputEvents = YES;
				INFOPLIST_KEY_UILaunchStoryboardName = LaunchScreen;
				INFOPLIST_KEY_UIMainStoryboardFile = Main;
				INFOPLIST_KEY_UISupportedInterfaceOrientations_iPad = "UIInterfaceOrientationPortrait UIInterfaceOrientationPortraitUpsideDown UIInterfaceOrientationLandscapeLeft UIInterfaceOrientationLandscapeRight";
				INFOPLIST_KEY_UISupportedInterfaceOrientations_iPhone = "UIInterfaceOrientationPortrait UIInterfaceOrientationLandscapeLeft UIInterfaceOrientationLandscapeRight";
				IPHONEOS_DEPLOYMENT_TARGET = 15.0;
				LD_RUNPATH_SEARCH_PATHS = (
					"$(inherited)",
					"@executable_path/Frameworks",
				);
				MARKETING_VERSION = 1.0;
				PRODUCT_BUNDLE_IDENTIFIER = com.seunghyun.TodayApp;
				PRODUCT_NAME = "$(TARGET_NAME)";
				SWIFT_EMIT_LOC_STRINGS = YES;
				SWIFT_VERSION = 5.0;
				TARGETED_DEVICE_FAMILY = 1;
			};
			name = Debug;
		};
		62F843B62897B5E100DBD857 /* Release */ = {
			isa = XCBuildConfiguration;
			buildSettings = {
				ASSETCATALOG_COMPILER_APPICON_NAME = AppIcon;
				ASSETCATALOG_COMPILER_GLOBAL_ACCENT_COLOR_NAME = AccentColor;
				CODE_SIGN_STYLE = Automatic;
				CURRENT_PROJECT_VERSION = 1;
				DEVELOPMENT_TEAM = ANQMFHY9YH;
				GENERATE_INFOPLIST_FILE = YES;
				INFOPLIST_FILE = TodayApp/Info.plist;
				INFOPLIST_KEY_UIApplicationSupportsIndirectInputEvents = YES;
				INFOPLIST_KEY_UILaunchStoryboardName = LaunchScreen;
				INFOPLIST_KEY_UIMainStoryboardFile = Main;
				INFOPLIST_KEY_UISupportedInterfaceOrientations_iPad = "UIInterfaceOrientationPortrait UIInterfaceOrientationPortraitUpsideDown UIInterfaceOrientationLandscapeLeft UIInterfaceOrientationLandscapeRight";
				INFOPLIST_KEY_UISupportedInterfaceOrientations_iPhone = "UIInterfaceOrientationPortrait UIInterfaceOrientationLandscapeLeft UIInterfaceOrientationLandscapeRight";
				IPHONEOS_DEPLOYMENT_TARGET = 15.0;
				LD_RUNPATH_SEARCH_PATHS = (
					"$(inherited)",
					"@executable_path/Frameworks",
				);
				MARKETING_VERSION = 1.0;
				PRODUCT_BUNDLE_IDENTIFIER = com.seunghyun.TodayApp;
				PRODUCT_NAME = "$(TARGET_NAME)";
				SWIFT_EMIT_LOC_STRINGS = YES;
				SWIFT_VERSION = 5.0;
				TARGETED_DEVICE_FAMILY = 1;
			};
			name = Release;
		};
/* End XCBuildConfiguration section */

/* Begin XCConfigurationList section */
		62F8439B2897B5E000DBD857 /* Build configuration list for PBXProject "TodayApp" */ = {
			isa = XCConfigurationList;
			buildConfigurations = (
				62F843B22897B5E100DBD857 /* Debug */,
				62F843B32897B5E100DBD857 /* Release */,
			);
			defaultConfigurationIsVisible = 0;
			defaultConfigurationName = Release;
		};
		62F843B42897B5E100DBD857 /* Build configuration list for PBXNativeTarget "TodayApp" */ = {
			isa = XCConfigurationList;
			buildConfigurations = (
				62F843B52897B5E100DBD857 /* Debug */,
				62F843B62897B5E100DBD857 /* Release */,
			);
			defaultConfigurationIsVisible = 0;
			defaultConfigurationName = Release;
		};
/* End XCConfigurationList section */
	};
	rootObject = 62F843982897B5E000DBD857 /* Project object */;
}
